
Microsoft Visual Studio Solution File, Format Version 12.00
# Visual Studio Version 17
VisualStudioVersion = 17.5.002.0
MinimumVisualStudioVersion = 10.0.40219.1
Project("{9A19103F-16F7-4668-BE54-9A1E7A4F7556}") = "spendsmart", "spendsmart.csproj", "{E9ADFB01-986C-4FF7-8156-5F0E574EFCDB}"
EndProject
Global
	GlobalSection(SolutionConfigurationPlatforms) = preSolution
		Debug|Any CPU = Debug|Any CPU
		Release|Any CPU = Release|Any CPU
	EndGlobalSection
	GlobalSection(ProjectConfigurationPlatforms) = postSolution
		{E9ADFB01-986C-4FF7-8156-5F0E574EFCDB}.Debug|Any CPU.ActiveCfg = Debug|Any CPU
		{E9ADFB01-986C-4FF7-8156-5F0E574EFCDB}.Debug|Any CPU.Build.0 = Debug|Any CPU
		{E9ADFB01-986C-4FF7-8156-5F0E574EFCDB}.Release|Any CPU.ActiveCfg = Release|Any CPU
		{E9ADFB01-986C-4FF7-8156-5F0E574EFCDB}.Release|Any CPU.Build.0 = Release|Any CPU
	EndGlobalSection
	GlobalSection(SolutionProperties) = preSolution
		HideSolutionNode = FALSE
	EndGlobalSection
	GlobalSection(ExtensibilityGlobals) = postSolution
		SolutionGuid = {8A93E4A6-DA61-4AA3-9A6A-2D620C0EFCD2}
	EndGlobalSection
EndGlobal
